
Microsoft Visual Studio Solution File, Format Version 12.00
# Visual Studio 15
VisualStudioVersion = 15.0.26124.0
MinimumVisualStudioVersion = 15.0.26124.0
Project("{FAE04EC0-301F-11D3-BF4B-00C04F79EFBC}") = "TouhouArticleMaker.Domain", "TouhouArticleMaker.Domain\TouhouArticleMaker.Domain.csproj", "{C57CC737-9017-49D3-8171-1B09BE9927C7}"
EndProject
Project("{FAE04EC0-301F-11D3-BF4B-00C04F79EFBC}") = "TouhouArticleMaker.Shared", "TouhouArticleMaker.Shared\TouhouArticleMaker.Shared.csproj", "{6102E22F-8152-4B52-AC79-9ADE5BF3C59D}"
EndProject
Project("{FAE04EC0-301F-11D3-BF4B-00C04F79EFBC}") = "TouhouArticleMaker.Tests", "TouhouArticleMaker.Tests\TouhouArticleMaker.Tests.csproj", "{982B52BD-C6D2-4E49-A64E-663B140A14CD}"
EndProject
Global
	GlobalSection(SolutionConfigurationPlatforms) = preSolution
		Debug|Any CPU = Debug|Any CPU
		Debug|x64 = Debug|x64
		Debug|x86 = Debug|x86
		Release|Any CPU = Release|Any CPU
		Release|x64 = Release|x64
		Release|x86 = Release|x86
	EndGlobalSection
	GlobalSection(SolutionProperties) = preSolution
		HideSolutionNode = FALSE
	EndGlobalSection
	GlobalSection(ProjectConfigurationPlatforms) = postSolution
		{C57CC737-9017-49D3-8171-1B09BE9927C7}.Debug|Any CPU.ActiveCfg = Debug|Any CPU
		{C57CC737-9017-49D3-8171-1B09BE9927C7}.Debug|Any CPU.Build.0 = Debug|Any CPU
		{C57CC737-9017-49D3-8171-1B09BE9927C7}.Debug|x64.ActiveCfg = Debug|Any CPU
		{C57CC737-9017-49D3-8171-1B09BE9927C7}.Debug|x64.Build.0 = Debug|Any CPU
		{C57CC737-9017-49D3-8171-1B09BE9927C7}.Debug|x86.ActiveCfg = Debug|Any CPU
		{C57CC737-9017-49D3-8171-1B09BE9927C7}.Debug|x86.Build.0 = Debug|Any CPU
		{C57CC737-9017-49D3-8171-1B09BE9927C7}.Release|Any CPU.ActiveCfg = Release|Any CPU
		{C57CC737-9017-49D3-8171-1B09BE9927C7}.Release|Any CPU.Build.0 = Release|Any CPU
		{C57CC737-9017-49D3-8171-1B09BE9927C7}.Release|x64.ActiveCfg = Release|Any CPU
		{C57CC737-9017-49D3-8171-1B09BE9927C7}.Release|x64.Build.0 = Release|Any CPU
		{C57CC737-9017-49D3-8171-1B09BE9927C7}.Release|x86.ActiveCfg = Release|Any CPU
		{C57CC737-9017-49D3-8171-1B09BE9927C7}.Release|x86.Build.0 = Release|Any CPU
		{6102E22F-8152-4B52-AC79-9ADE5BF3C59D}.Debug|Any CPU.ActiveCfg = Debug|Any CPU
		{6102E22F-8152-4B52-AC79-9ADE5BF3C59D}.Debug|Any CPU.Build.0 = Debug|Any CPU
		{6102E22F-8152-4B52-AC79-9ADE5BF3C59D}.Debug|x64.ActiveCfg = Debug|Any CPU
		{6102E22F-8152-4B52-AC79-9ADE5BF3C59D}.Debug|x64.Build.0 = Debug|Any CPU
		{6102E22F-8152-4B52-AC79-9ADE5BF3C59D}.Debug|x86.ActiveCfg = Debug|Any CPU
		{6102E22F-8152-4B52-AC79-9ADE5BF3C59D}.Debug|x86.Build.0 = Debug|Any CPU
		{6102E22F-8152-4B52-AC79-9ADE5BF3C59D}.Release|Any CPU.ActiveCfg = Release|Any CPU
		{6102E22F-8152-4B52-AC79-9ADE5BF3C59D}.Release|Any CPU.Build.0 = Release|Any CPU
		{6102E22F-8152-4B52-AC79-9ADE5BF3C59D}.Release|x64.ActiveCfg = Release|Any CPU
		{6102E22F-8152-4B52-AC79-9ADE5BF3C59D}.Release|x64.Build.0 = Release|Any CPU
		{6102E22F-8152-4B52-AC79-9ADE5BF3C59D}.Release|x86.ActiveCfg = Release|Any CPU
		{6102E22F-8152-4B52-AC79-9ADE5BF3C59D}.Release|x86.Build.0 = Release|Any CPU
		{982B52BD-C6D2-4E49-A64E-663B140A14CD}.Debug|Any CPU.ActiveCfg = Debug|Any CPU
		{982B52BD-C6D2-4E49-A64E-663B140A14CD}.Debug|Any CPU.Build.0 = Debug|Any CPU
		{982B52BD-C6D2-4E49-A64E-663B140A14CD}.Debug|x64.ActiveCfg = Debug|Any CPU
		{982B52BD-C6D2-4E49-A64E-663B140A14CD}.Debug|x64.Build.0 = Debug|Any CPU
		{982B52BD-C6D2-4E49-A64E-663B140A14CD}.Debug|x86.ActiveCfg = Debug|Any CPU
		{982B52BD-C6D2-4E49-A64E-663B140A14CD}.Debug|x86.Build.0 = Debug|Any CPU
		{982B52BD-C6D2-4E49-A64E-663B140A14CD}.Release|Any CPU.ActiveCfg = Release|Any CPU
		{982B52BD-C6D2-4E49-A64E-663B140A14CD}.Release|Any CPU.Build.0 = Release|Any CPU
		{982B52BD-C6D2-4E49-A64E-663B140A14CD}.Release|x64.ActiveCfg = Release|Any CPU
		{982B52BD-C6D2-4E49-A64E-663B140A14CD}.Release|x64.Build.0 = Release|Any CPU
		{982B52BD-C6D2-4E49-A64E-663B140A14CD}.Release|x86.ActiveCfg = Release|Any CPU
		{982B52BD-C6D2-4E49-A64E-663B140A14CD}.Release|x86.Build.0 = Release|Any CPU
	EndGlobalSection
EndGlobal
